// !$*UTF8*$!
{
	archiveVersion = 1;
	classes = {
	};
	objectVersion = 52;
	objects = {

/* Begin PBXBuildFile section */
		9024B28524199E780087E2AF /* MusicGen.h in Headers */ = {isa = PBXBuildFile; fileRef = 9024B28424199E780087E2AF /* MusicGen.h */; };
		9024B2882419A0460087E2AF /* MusicGenInterface.cpp in Sources */ = {isa = PBXBuildFile; fileRef = 9024B2872419A0460087E2AF /* MusicGenInterface.cpp */; };
		9024B2892419A0CF0087E2AF /* SimpleMusicGen-ios-Bridging-Header.h in Headers */ = {isa = PBXBuildFile; fileRef = 9024B2862419A0450087E2AF /* SimpleMusicGen-ios-Bridging-Header.h */; };
		9024B28B2419A15B0087E2AF /* AVFoundation.framework in Frameworks */ = {isa = PBXBuildFile; fileRef = 9024B28A2419A15B0087E2AF /* AVFoundation.framework */; };
		9024B28D2419A19D0087E2AF /* CoreAudio.framework in Frameworks */ = {isa = PBXBuildFile; fileRef = 9024B28C2419A19D0087E2AF /* CoreAudio.framework */; };
		9024B2912419A1CE0087E2AF /* AudioToolbox.framework in Frameworks */ = {isa = PBXBuildFile; fileRef = 9024B2902419A1CE0087E2AF /* AudioToolbox.framework */; };
		9024B2932419A2550087E2AF /* CoreMotion.framework in Frameworks */ = {isa = PBXBuildFile; fileRef = 9024B2922419A2550087E2AF /* CoreMotion.framework */; };
		9024B2952419A2B60087E2AF /* GameController.framework in Frameworks */ = {isa = PBXBuildFile; fileRef = 9024B2942419A2B60087E2AF /* GameController.framework */; };
		909919602419E20B00359DF4 /* SDL.h in Headers */ = {isa = PBXBuildFile; fileRef = 9099195F2419E20B00359DF4 /* SDL.h */; };
		909A026C241A3263007E2590 /* libSDL2.a in Frameworks */ = {isa = PBXBuildFile; fileRef = 909A026B241A3263007E2590 /* libSDL2.a */; };
		909A026E241A3604007E2590 /* libMusicGen.a in Frameworks */ = {isa = PBXBuildFile; fileRef = 909A026D241A3604007E2590 /* libMusicGen.a */; };
		909A0270241A636F007E2590 /* CoreBluetooth.framework in Frameworks */ = {isa = PBXBuildFile; fileRef = 909A026F241A636F007E2590 /* CoreBluetooth.framework */; };
		909A1B49241BCE6500BF6F57 /* Gifu in Frameworks */ = {isa = PBXBuildFile; productRef = 909A1B48241BCE6500BF6F57 /* Gifu */; };
		909A1B4B241BCE9500BF6F57 /* SettingsController.swift in Sources */ = {isa = PBXBuildFile; fileRef = 909A1B4A241BCE9500BF6F57 /* SettingsController.swift */; };
		90B78508241787A500D505A9 /* AppDelegate.swift in Sources */ = {isa = PBXBuildFile; fileRef = 90B78507241787A500D505A9 /* AppDelegate.swift */; };
		90B7850A241787A500D505A9 /* SceneDelegate.swift in Sources */ = {isa = PBXBuildFile; fileRef = 90B78509241787A500D505A9 /* SceneDelegate.swift */; };
		90B7850C241787A500D505A9 /* ViewController.swift in Sources */ = {isa = PBXBuildFile; fileRef = 90B7850B241787A500D505A9 /* ViewController.swift */; };
		90B7850F241787A500D505A9 /* Main.storyboard in Resources */ = {isa = PBXBuildFile; fileRef = 90B7850D241787A500D505A9 /* Main.storyboard */; };
		90B78511241787A700D505A9 /* Assets.xcassets in Resources */ = {isa = PBXBuildFile; fileRef = 90B78510241787A700D505A9 /* Assets.xcassets */; };
		90B78514241787A700D505A9 /* LaunchScreen.storyboard in Resources */ = {isa = PBXBuildFile; fileRef = 90B78512241787A700D505A9 /* LaunchScreen.storyboard */; };
		90CA5551241E7D9A00553429 /* synth.gif in Resources */ = {isa = PBXBuildFile; fileRef = 90CA5550241E7D9A00553429 /* synth.gif */; };
/* End PBXBuildFile section */

/* Begin PBXFileReference section */
		9024B28424199E780087E2AF /* MusicGen.h */ = {isa = PBXFileReference; fileEncoding = 4; lastKnownFileType = sourcecode.c.h; name = MusicGen.h; path = ../../src/MusicGen.h; sourceTree = "<group>"; };
		9024B2862419A0450087E2AF /* SimpleMusicGen-ios-Bridging-Header.h */ = {isa = PBXFileReference; lastKnownFileType = sourcecode.c.h; path = "SimpleMusicGen-ios-Bridging-Header.h"; sourceTree = "<group>"; };
		9024B2872419A0460087E2AF /* MusicGenInterface.cpp */ = {isa = PBXFileReference; lastKnownFileType = sourcecode.cpp.cpp; name = MusicGenInterface.cpp; path = SimpleMusicGen/MusicGenInterface.cpp; sourceTree = "<group>"; };
		9024B28A2419A15B0087E2AF /* AVFoundation.framework */ = {isa = PBXFileReference; lastKnownFileType = wrapper.framework; name = AVFoundation.framework; path = System/Library/Frameworks/AVFoundation.framework; sourceTree = SDKROOT; };
		9024B28C2419A19D0087E2AF /* CoreAudio.framework */ = {isa = PBXFileReference; lastKnownFileType = wrapper.framework; name = CoreAudio.framework; path = System/Library/Frameworks/CoreAudio.framework; sourceTree = SDKROOT; };
		9024B28E2419A1B00087E2AF /* Foundation.framework */ = {isa = PBXFileReference; lastKnownFileType = wrapper.framework; name = Foundation.framework; path = System/Library/Frameworks/Foundation.framework; sourceTree = SDKROOT; };
		9024B2902419A1CE0087E2AF /* AudioToolbox.framework */ = {isa = PBXFileReference; lastKnownFileType = wrapper.framework; name = AudioToolbox.framework; path = System/Library/Frameworks/AudioToolbox.framework; sourceTree = SDKROOT; };
		9024B2922419A2550087E2AF /* CoreMotion.framework */ = {isa = PBXFileReference; lastKnownFileType = wrapper.framework; name = CoreMotion.framework; path = System/Library/Frameworks/CoreMotion.framework; sourceTree = SDKROOT; };
		9024B2942419A2B60087E2AF /* GameController.framework */ = {isa = PBXFileReference; lastKnownFileType = wrapper.framework; name = GameController.framework; path = System/Library/Frameworks/GameController.framework; sourceTree = SDKROOT; };
		9099195F2419E20B00359DF4 /* SDL.h */ = {isa = PBXFileReference; fileEncoding = 4; lastKnownFileType = sourcecode.c.h; name = SDL.h; path = ../../SDL2_src/include/SDL.h; sourceTree = "<group>"; };
		909A026B241A3263007E2590 /* libSDL2.a */ = {isa = PBXFileReference; lastKnownFileType = archive.ar; name = libSDL2.a; path = libs/libSDL2.a; sourceTree = "<group>"; };
		909A026D241A3604007E2590 /* libMusicGen.a */ = {isa = PBXFileReference; lastKnownFileType = archive.ar; name = libMusicGen.a; path = libs/libMusicGen.a; sourceTree = "<group>"; };
		909A026F241A636F007E2590 /* CoreBluetooth.framework */ = {isa = PBXFileReference; lastKnownFileType = wrapper.framework; name = CoreBluetooth.framework; path = System/Library/Frameworks/CoreBluetooth.framework; sourceTree = SDKROOT; };
		909A1B4A241BCE9500BF6F57 /* SettingsController.swift */ = {isa = PBXFileReference; lastKnownFileType = sourcecode.swift; path = SettingsController.swift; sourceTree = "<group>"; };
		90B78504241787A500D505A9 /* SimpleMusicGen-ios.app */ = {isa = PBXFileReference; explicitFileType = wrapper.application; includeInIndex = 0; path = "SimpleMusicGen-ios.app"; sourceTree = BUILT_PRODUCTS_DIR; };
		90B78507241787A500D505A9 /* AppDelegate.swift */ = {isa = PBXFileReference; lastKnownFileType = sourcecode.swift; path = AppDelegate.swift; sourceTree = "<group>"; };
		90B78509241787A500D505A9 /* SceneDelegate.swift */ = {isa = PBXFileReference; lastKnownFileType = sourcecode.swift; path = SceneDelegate.swift; sourceTree = "<group>"; };
		90B7850B241787A500D505A9 /* ViewController.swift */ = {isa = PBXFileReference; lastKnownFileType = sourcecode.swift; path = ViewController.swift; sourceTree = "<group>"; };
		90B7850E241787A500D505A9 /* Base */ = {isa = PBXFileReference; lastKnownFileType = file.storyboard; name = Base; path = Base.lproj/Main.storyboard; sourceTree = "<group>"; };
		90B78510241787A700D505A9 /* Assets.xcassets */ = {isa = PBXFileReference; lastKnownFileType = folder.assetcatalog; path = Assets.xcassets; sourceTree = "<group>"; };
		90B78513241787A700D505A9 /* Base */ = {isa = PBXFileReference; lastKnownFileType = file.storyboard; name = Base; path = Base.lproj/LaunchScreen.storyboard; sourceTree = "<group>"; };
		90B78515241787A700D505A9 /* Info.plist */ = {isa = PBXFileReference; lastKnownFileType = text.plist.xml; path = Info.plist; sourceTree = "<group>"; };
		90CA5550241E7D9A00553429 /* synth.gif */ = {isa = PBXFileReference; lastKnownFileType = image.gif; path = synth.gif; sourceTree = "<group>"; };
/* End PBXFileReference section */

/* Begin PBXFrameworksBuildPhase section */
		90B78501241787A500D505A9 /* Frameworks */ = {
			isa = PBXFrameworksBuildPhase;
			buildActionMask = 2147483647;
			files = (
				909A026E241A3604007E2590 /* libMusicGen.a in Frameworks */,
				909A026C241A3263007E2590 /* libSDL2.a in Frameworks */,
				909A0270241A636F007E2590 /* CoreBluetooth.framework in Frameworks */,
				9024B2952419A2B60087E2AF /* GameController.framework in Frameworks */,
				9024B2932419A2550087E2AF /* CoreMotion.framework in Frameworks */,
				909A1B49241BCE6500BF6F57 /* Gifu in Frameworks */,
				9024B2912419A1CE0087E2AF /* AudioToolbox.framework in Frameworks */,
				9024B28D2419A19D0087E2AF /* CoreAudio.framework in Frameworks */,
				9024B28B2419A15B0087E2AF /* AVFoundation.framework in Frameworks */,
			);
			runOnlyForDeploymentPostprocessing = 0;
		};
/* End PBXFrameworksBuildPhase section */

/* Begin PBXGroup section */
		9024B28324199E140087E2AF /* Interface */ = {
			isa = PBXGroup;
			children = (
				9099195F2419E20B00359DF4 /* SDL.h */,
				9024B28424199E780087E2AF /* MusicGen.h */,
				9024B2872419A0460087E2AF /* MusicGenInterface.cpp */,
				9024B2862419A0450087E2AF /* SimpleMusicGen-ios-Bridging-Header.h */,
			);
			name = Interface;
			sourceTree = "<group>";
		};
		90680DD9241853390058C5DC /* Frameworks */ = {
			isa = PBXGroup;
			children = (
				909A026F241A636F007E2590 /* CoreBluetooth.framework */,
				909A026D241A3604007E2590 /* libMusicGen.a */,
				909A026B241A3263007E2590 /* libSDL2.a */,
				9024B2942419A2B60087E2AF /* GameController.framework */,
				9024B2922419A2550087E2AF /* CoreMotion.framework */,
				9024B2902419A1CE0087E2AF /* AudioToolbox.framework */,
				9024B28E2419A1B00087E2AF /* Foundation.framework */,
				9024B28C2419A19D0087E2AF /* CoreAudio.framework */,
				9024B28A2419A15B0087E2AF /* AVFoundation.framework */,
			);
			name = Frameworks;
			sourceTree = "<group>";
		};
		90B784FB241787A500D505A9 = {
			isa = PBXGroup;
			children = (
				90BC8F67241A91B800B9AEE5 /* Resources */,
				9024B28324199E140087E2AF /* Interface */,
				90B78506241787A500D505A9 /* SimpleMusicGen */,
				90B78505241787A500D505A9 /* Products */,
				90680DD9241853390058C5DC /* Frameworks */,
			);
			sourceTree = "<group>";
		};
		90B78505241787A500D505A9 /* Products */ = {
			isa = PBXGroup;
			children = (
				90B78504241787A500D505A9 /* SimpleMusicGen-ios.app */,
			);
			name = Products;
			sourceTree = "<group>";
		};
		90B78506241787A500D505A9 /* SimpleMusicGen */ = {
			isa = PBXGroup;
			children = (
				90B78507241787A500D505A9 /* AppDelegate.swift */,
				90B78509241787A500D505A9 /* SceneDelegate.swift */,
				90B7850B241787A500D505A9 /* ViewController.swift */,
				90B7850D241787A500D505A9 /* Main.storyboard */,
				90B78510241787A700D505A9 /* Assets.xcassets */,
				90B78512241787A700D505A9 /* LaunchScreen.storyboard */,
				90B78515241787A700D505A9 /* Info.plist */,
				909A1B4A241BCE9500BF6F57 /* SettingsController.swift */,
			);
			path = SimpleMusicGen;
			sourceTree = "<group>";
		};
		90BC8F67241A91B800B9AEE5 /* Resources */ = {
			isa = PBXGroup;
			children = (
				90CA5550241E7D9A00553429 /* synth.gif */,
			);
			path = Resources;
			sourceTree = "<group>";
		};
/* End PBXGroup section */

/* Begin PBXHeadersBuildPhase section */
		90680DDE241863EA0058C5DC /* Headers */ = {
			isa = PBXHeadersBuildPhase;
			buildActionMask = 2147483647;
			files = (
				9024B2892419A0CF0087E2AF /* SimpleMusicGen-ios-Bridging-Header.h in Headers */,
				909919602419E20B00359DF4 /* SDL.h in Headers */,
				9024B28524199E780087E2AF /* MusicGen.h in Headers */,
			);
			runOnlyForDeploymentPostprocessing = 0;
		};
/* End PBXHeadersBuildPhase section */

/* Begin PBXNativeTarget section */
		90B78503241787A500D505A9 /* SimpleMusicGen-ios */ = {
			isa = PBXNativeTarget;
			buildConfigurationList = 90B78518241787A700D505A9 /* Build configuration list for PBXNativeTarget "SimpleMusicGen-ios" */;
			buildPhases = (
				90680DDE241863EA0058C5DC /* Headers */,
				90B78500241787A500D505A9 /* Sources */,
				90B78501241787A500D505A9 /* Frameworks */,
				90B78502241787A500D505A9 /* Resources */,
			);
			buildRules = (
			);
			dependencies = (
			);
			name = "SimpleMusicGen-ios";
			packageProductDependencies = (
				909A1B48241BCE6500BF6F57 /* Gifu */,
			);
			productName = SimpleMusicGen;
			productReference = 90B78504241787A500D505A9 /* SimpleMusicGen-ios.app */;
			productType = "com.apple.product-type.application";
		};
/* End PBXNativeTarget section */

/* Begin PBXProject section */
		90B784FC241787A500D505A9 /* Project object */ = {
			isa = PBXProject;
			attributes = {
				LastSwiftUpdateCheck = 1130;
				LastUpgradeCheck = 1130;
				ORGANIZATIONNAME = "Morgan Robertson";
				TargetAttributes = {
					90B78503241787A500D505A9 = {
						CreatedOnToolsVersion = 11.3.1;
						LastSwiftMigration = 1130;
					};
				};
			};
			buildConfigurationList = 90B784FF241787A500D505A9 /* Build configuration list for PBXProject "SimpleMusicGen-ios" */;
			compatibilityVersion = "Xcode 9.3";
			developmentRegion = en;
			hasScannedForEncodings = 0;
			knownRegions = (
				en,
				Base,
			);
			mainGroup = 90B784FB241787A500D505A9;
			packageReferences = (
				909A1B47241BCE6500BF6F57 /* XCRemoteSwiftPackageReference "Gifu" */,
			);
			productRefGroup = 90B78505241787A500D505A9 /* Products */;
			projectDirPath = "";
			projectRoot = "";
			targets = (
				90B78503241787A500D505A9 /* SimpleMusicGen-ios */,
			);
		};
/* End PBXProject section */

/* Begin PBXResourcesBuildPhase section */
		90B78502241787A500D505A9 /* Resources */ = {
			isa = PBXResourcesBuildPhase;
			buildActionMask = 2147483647;
			files = (
				90B78514241787A700D505A9 /* LaunchScreen.storyboard in Resources */,
				90B78511241787A700D505A9 /* Assets.xcassets in Resources */,
				90B7850F241787A500D505A9 /* Main.storyboard in Resources */,
				90CA5551241E7D9A00553429 /* synth.gif in Resources */,
			);
			runOnlyForDeploymentPostprocessing = 0;
		};
/* End PBXResourcesBuildPhase section */

/* Begin PBXSourcesBuildPhase section */
		90B78500241787A500D505A9 /* Sources */ = {
			isa = PBXSourcesBuildPhase;
			buildActionMask = 2147483647;
			files = (
				90B7850C241787A500D505A9 /* ViewController.swift in Sources */,
				909A1B4B241BCE9500BF6F57 /* SettingsController.swift in Sources */,
				90B78508241787A500D505A9 /* AppDelegate.swift in Sources */,
				9024B2882419A0460087E2AF /* MusicGenInterface.cpp in Sources */,
				90B7850A241787A500D505A9 /* SceneDelegate.swift in Sources */,
			);
			runOnlyForDeploymentPostprocessing = 0;
		};
/* End PBXSourcesBuildPhase section */

/* Begin PBXVariantGroup section */
		90B7850D241787A500D505A9 /* Main.storyboard */ = {
			isa = PBXVariantGroup;
			children = (
				90B7850E241787A500D505A9 /* Base */,
			);
			name = Main.storyboard;
			sourceTree = "<group>";
		};
		90B78512241787A700D505A9 /* LaunchScreen.storyboard */ = {
			isa = PBXVariantGroup;
			children = (
				90B78513241787A700D505A9 /* Base */,
			);
			name = LaunchScreen.storyboard;
			sourceTree = "<group>";
		};
/* End PBXVariantGroup section */

/* Begin XCBuildConfiguration section */
		90B78516241787A700D505A9 /* Debug */ = {
			isa = XCBuildConfiguration;
			buildSettings = {
				ALWAYS_SEARCH_USER_PATHS = NO;
				CLANG_ANALYZER_NONNULL = YES;
				CLANG_ANALYZER_NUMBER_OBJECT_CONVERSION = YES_AGGRESSIVE;
				CLANG_CXX_LANGUAGE_STANDARD = "gnu++14";
				CLANG_CXX_LIBRARY = "libc++";
				CLANG_ENABLE_MODULES = YES;
				CLANG_ENABLE_OBJC_ARC = YES;
				CLANG_ENABLE_OBJC_WEAK = YES;
				CLANG_WARN_BLOCK_CAPTURE_AUTORELEASING = YES;
				CLANG_WARN_BOOL_CONVERSION = YES;
				CLANG_WARN_COMMA = YES;
				CLANG_WARN_CONSTANT_CONVERSION = YES;
				CLANG_WARN_DEPRECATED_OBJC_IMPLEMENTATIONS = YES;
				CLANG_WARN_DIRECT_OBJC_ISA_USAGE = YES_ERROR;
				CLANG_WARN_DOCUMENTATION_COMMENTS = YES;
				CLANG_WARN_EMPTY_BODY = YES;
				CLANG_WARN_ENUM_CONVERSION = YES;
				CLANG_WARN_INFINITE_RECURSION = YES;
				CLANG_WARN_INT_CONVERSION = YES;
				CLANG_WARN_NON_LITERAL_NULL_CONVERSION = YES;
				CLANG_WARN_OBJC_IMPLICIT_RETAIN_SELF = YES;
				CLANG_WARN_OBJC_LITERAL_CONVERSION = YES;
				CLANG_WARN_OBJC_ROOT_CLASS = YES_ERROR;
				CLANG_WARN_RANGE_LOOP_ANALYSIS = YES;
				CLANG_WARN_STRICT_PROTOTYPES = YES;
				CLANG_WARN_SUSPICIOUS_MOVE = YES;
				CLANG_WARN_UNGUARDED_AVAILABILITY = YES_AGGRESSIVE;
				CLANG_WARN_UNREACHABLE_CODE = YES;
				CLANG_WARN__DUPLICATE_METHOD_MATCH = YES;
				COPY_PHASE_STRIP = NO;
				DEBUG_INFORMATION_FORMAT = dwarf;
				ENABLE_STRICT_OBJC_MSGSEND = YES;
				ENABLE_TESTABILITY = YES;
				GCC_C_LANGUAGE_STANDARD = gnu11;
				GCC_DYNAMIC_NO_PIC = NO;
				GCC_NO_COMMON_BLOCKS = YES;
				GCC_OPTIMIZATION_LEVEL = 0;
				GCC_PREPROCESSOR_DEFINITIONS = (
					"DEBUG=1",
					"$(inherited)",
				);
				GCC_WARN_64_TO_32_BIT_CONVERSION = YES;
				GCC_WARN_ABOUT_RETURN_TYPE = YES_ERROR;
				GCC_WARN_UNDECLARED_SELECTOR = YES;
				GCC_WARN_UNINITIALIZED_AUTOS = YES_AGGRESSIVE;
				GCC_WARN_UNUSED_FUNCTION = YES;
				GCC_WARN_UNUSED_VARIABLE = YES;
				IPHONEOS_DEPLOYMENT_TARGET = 13.2;
				MTL_ENABLE_DEBUG_INFO = INCLUDE_SOURCE;
				MTL_FAST_MATH = YES;
				ONLY_ACTIVE_ARCH = YES;
				SDKROOT = iphoneos;
				SWIFT_ACTIVE_COMPILATION_CONDITIONS = DEBUG;
				SWIFT_OPTIMIZATION_LEVEL = "-Onone";
			};
			name = Debug;
		};
		90B78517241787A700D505A9 /* Release */ = {
			isa = XCBuildConfiguration;
			buildSettings = {
				ALWAYS_SEARCH_USER_PATHS = NO;
				CLANG_ANALYZER_NONNULL = YES;
				CLANG_ANALYZER_NUMBER_OBJECT_CONVERSION = YES_AGGRESSIVE;
				CLANG_CXX_LANGUAGE_STANDARD = "gnu++14";
				CLANG_CXX_LIBRARY = "libc++";
				CLANG_ENABLE_MODULES = YES;
				CLANG_ENABLE_OBJC_ARC = YES;
				CLANG_ENABLE_OBJC_WEAK = YES;
				CLANG_WARN_BLOCK_CAPTURE_AUTORELEASING = YES;
				CLANG_WARN_BOOL_CONVERSION = YES;
				CLANG_WARN_COMMA = YES;
				CLANG_WARN_CONSTANT_CONVERSION = YES;
				CLANG_WARN_DEPRECATED_OBJC_IMPLEMENTATIONS = YES;
				CLANG_WARN_DIRECT_OBJC_ISA_USAGE = YES_ERROR;
				CLANG_WARN_DOCUMENTATION_COMMENTS = YES;
				CLANG_WARN_EMPTY_BODY = YES;
				CLANG_WARN_ENUM_CONVERSION = YES;
				CLANG_WARN_INFINITE_RECURSION = YES;
				CLANG_WARN_INT_CONVERSION = YES;
				CLANG_WARN_NON_LITERAL_NULL_CONVERSION = YES;
				CLANG_WARN_OBJC_IMPLICIT_RETAIN_SELF = YES;
				CLANG_WARN_OBJC_LITERAL_CONVERSION = YES;
				CLANG_WARN_OBJC_ROOT_CLASS = YES_ERROR;
				CLANG_WARN_RANGE_LOOP_ANALYSIS = YES;
				CLANG_WARN_STRICT_PROTOTYPES = YES;
				CLANG_WARN_SUSPICIOUS_MOVE = YES;
				CLANG_WARN_UNGUARDED_AVAILABILITY = YES_AGGRESSIVE;
				CLANG_WARN_UNREACHABLE_CODE = YES;
				CLANG_WARN__DUPLICATE_METHOD_MATCH = YES;
				COPY_PHASE_STRIP = NO;
				DEBUG_INFORMATION_FORMAT = "dwarf-with-dsym";
				ENABLE_NS_ASSERTIONS = NO;
				ENABLE_STRICT_OBJC_MSGSEND = YES;
				GCC_C_LANGUAGE_STANDARD = gnu11;
				GCC_NO_COMMON_BLOCKS = YES;
				GCC_WARN_64_TO_32_BIT_CONVERSION = YES;
				GCC_WARN_ABOUT_RETURN_TYPE = YES_ERROR;
				GCC_WARN_UNDECLARED_SELECTOR = YES;
				GCC_WARN_UNINITIALIZED_AUTOS = YES_AGGRESSIVE;
				GCC_WARN_UNUSED_FUNCTION = YES;
				GCC_WARN_UNUSED_VARIABLE = YES;
				IPHONEOS_DEPLOYMENT_TARGET = 13.2;
				MTL_ENABLE_DEBUG_INFO = NO;
				MTL_FAST_MATH = YES;
				SDKROOT = iphoneos;
				SWIFT_COMPILATION_MODE = wholemodule;
				SWIFT_OPTIMIZATION_LEVEL = "-O";
				VALIDATE_PRODUCT = YES;
			};
			name = Release;
		};
		90B78519241787A700D505A9 /* Debug */ = {
			isa = XCBuildConfiguration;
			buildSettings = {
				ASSETCATALOG_COMPILER_APPICON_NAME = AppIcon;
				CLANG_ENABLE_MODULES = YES;
				CODE_SIGN_STYLE = Automatic;
				DEVELOPMENT_TEAM = GCF77KUM9C;
				ENABLE_BITCODE = NO;
				INFOPLIST_FILE = SimpleMusicGen/Info.plist;
				IPHONEOS_DEPLOYMENT_TARGET = 11.0;
				LD_RUNPATH_SEARCH_PATHS = (
					"$(inherited)",
					"@executable_path/Frameworks",
				);
				LIBRARY_SEARCH_PATHS = (
					"$(PROJECT_DIR)/**",
					"$(PROJECT_DIR)/libs",
				);
				PRODUCT_BUNDLE_IDENTIFIER = net.morganrobertson.SimpleMusicGen;
				PRODUCT_NAME = "$(TARGET_NAME)";
				SWIFT_OBJC_BRIDGING_HEADER = "SimpleMusicGen-ios-Bridging-Header.h";
				SWIFT_OPTIMIZATION_LEVEL = "-Onone";
				SWIFT_VERSION = 5.0;
				TARGETED_DEVICE_FAMILY = "1,2";
			};
			name = Debug;
		};
		90B7851A241787A700D505A9 /* Release */ = {
			isa = XCBuildConfiguration;
			buildSettings = {
				ASSETCATALOG_COMPILER_APPICON_NAME = AppIcon;
				CLANG_ENABLE_MODULES = YES;
				CODE_SIGN_STYLE = Automatic;
				DEVELOPMENT_TEAM = GCF77KUM9C;
				ENABLE_BITCODE = NO;
				INFOPLIST_FILE = SimpleMusicGen/Info.plist;
				IPHONEOS_DEPLOYMENT_TARGET = 11.0;
				LD_RUNPATH_SEARCH_PATHS = (
					"$(inherited)",
					"@executable_path/Frameworks",
				);
				LIBRARY_SEARCH_PATHS = (
					"$(PROJECT_DIR)/**",
					"$(PROJECT_DIR)/libs",
				);
				PRODUCT_BUNDLE_IDENTIFIER = net.morganrobertson.SimpleMusicGen;
				PRODUCT_NAME = "$(TARGET_NAME)";
				SWIFT_OBJC_BRIDGING_HEADER = "SimpleMusicGen-ios-Bridging-Header.h";
				SWIFT_VERSION = 5.0;
				TARGETED_DEVICE_FAMILY = "1,2";
			};
			name = Release;
		};
/* End XCBuildConfiguration section */

/* Begin XCConfigurationList section */
		90B784FF241787A500D505A9 /* Build configuration list for PBXProject "SimpleMusicGen-ios" */ = {
			isa = XCConfigurationList;
			buildConfigurations = (
				90B78516241787A700D505A9 /* Debug */,
				90B78517241787A700D505A9 /* Release */,
			);
			defaultConfigurationIsVisible = 0;
			defaultConfigurationName = Release;
		};
		90B78518241787A700D505A9 /* Build configuration list for PBXNativeTarget "SimpleMusicGen-ios" */ = {
			isa = XCConfigurationList;
			buildConfigurations = (
				90B78519241787A700D505A9 /* Debug */,
				90B7851A241787A700D505A9 /* Release */,
			);
			defaultConfigurationIsVisible = 0;
			defaultConfigurationName = Release;
		};
/* End XCConfigurationList section */

/* Begin XCRemoteSwiftPackageReference section */
		909A1B47241BCE6500BF6F57 /* XCRemoteSwiftPackageReference "Gifu" */ = {
			isa = XCRemoteSwiftPackageReference;
			repositoryURL = "https://github.com/kaishin/Gifu";
			requirement = {
				kind = upToNextMajorVersion;
				minimumVersion = 3.2.2;
			};
		};
/* End XCRemoteSwiftPackageReference section */

/* Begin XCSwiftPackageProductDependency section */
		909A1B48241BCE6500BF6F57 /* Gifu */ = {
			isa = XCSwiftPackageProductDependency;
			package = 909A1B47241BCE6500BF6F57 /* XCRemoteSwiftPackageReference "Gifu" */;
			productName = Gifu;
		};
/* End XCSwiftPackageProductDependency section */
	};
	rootObject = 90B784FC241787A500D505A9 /* Project object */;
}
