// !$*UTF8*$!
{
	archiveVersion = 1;
	classes = {
	};
	objectVersion = 50;
	objects = {

/* Begin PBXBuildFile section */
		900282F224184B4400574BF2 /* AudioAndMusic.cpp in Sources */ = {isa = PBXBuildFile; fileRef = 905F7D5C240C7549001B4099 /* AudioAndMusic.cpp */; };
		900282F324184B4400574BF2 /* Drums.cpp in Sources */ = {isa = PBXBuildFile; fileRef = 905F7D5A240C7549001B4099 /* Drums.cpp */; };
		900282F424184B4400574BF2 /* Generators.cpp in Sources */ = {isa = PBXBuildFile; fileRef = 905F7D59240C7549001B4099 /* Generators.cpp */; };
		900282F724184B4400574BF2 /* UtilFunctions.cpp in Sources */ = {isa = PBXBuildFile; fileRef = 905F7D58240C7549001B4099 /* UtilFunctions.cpp */; };
		900282F924184B6400574BF2 /* MusicGen.h in Headers */ = {isa = PBXBuildFile; fileRef = 905F7D5D240C7549001B4099 /* MusicGen.h */; };
		905F7D5E240C7549001B4099 /* UtilFunctions.cpp in Sources */ = {isa = PBXBuildFile; fileRef = 905F7D58240C7549001B4099 /* UtilFunctions.cpp */; };
		905F7D5F240C7549001B4099 /* Generators.cpp in Sources */ = {isa = PBXBuildFile; fileRef = 905F7D59240C7549001B4099 /* Generators.cpp */; };
		905F7D60240C7549001B4099 /* Drums.cpp in Sources */ = {isa = PBXBuildFile; fileRef = 905F7D5A240C7549001B4099 /* Drums.cpp */; };
		905F7D61240C7549001B4099 /* main.cpp in Sources */ = {isa = PBXBuildFile; fileRef = 905F7D5B240C7549001B4099 /* main.cpp */; };
		905F7D62240C7549001B4099 /* AudioAndMusic.cpp in Sources */ = {isa = PBXBuildFile; fileRef = 905F7D5C240C7549001B4099 /* AudioAndMusic.cpp */; };
		905F7D63240C7605001B4099 /* MusicGen.h in Headers */ = {isa = PBXBuildFile; fileRef = 905F7D5D240C7549001B4099 /* MusicGen.h */; };
		90616CDD240E85E600FCE620 /* libSDL2-2.0.0.dylib in Frameworks */ = {isa = PBXBuildFile; fileRef = 90F77FC6240932C700C3DF21 /* libSDL2-2.0.0.dylib */; };
		909A0269241A3104007E2590 /* SDL.h in Headers */ = {isa = PBXBuildFile; fileRef = 909A0268241A3103007E2590 /* SDL.h */; };
		909A026A241A3104007E2590 /* SDL.h in Headers */ = {isa = PBXBuildFile; fileRef = 909A0268241A3103007E2590 /* SDL.h */; };
		90FCA4862438433400EA41C8 /* Bass.cpp in Sources */ = {isa = PBXBuildFile; fileRef = 90FCA4852438433400EA41C8 /* Bass.cpp */; };
		90FCA4872438433400EA41C8 /* Bass.cpp in Sources */ = {isa = PBXBuildFile; fileRef = 90FCA4852438433400EA41C8 /* Bass.cpp */; };
/* End PBXBuildFile section */

/* Begin PBXCopyFilesBuildPhase section */
		90F77FAD240931C800C3DF21 /* CopyFiles */ = {
			isa = PBXCopyFilesBuildPhase;
			buildActionMask = 2147483647;
			dstPath = /usr/share/man/man1/;
			dstSubfolderSpec = 0;
			files = (
			);
			runOnlyForDeploymentPostprocessing = 1;
		};
		90F77FC9240932C700C3DF21 /* Embed Libraries */ = {
			isa = PBXCopyFilesBuildPhase;
			buildActionMask = 2147483647;
			dstPath = "";
			dstSubfolderSpec = 10;
			files = (
			);
			name = "Embed Libraries";
			runOnlyForDeploymentPostprocessing = 0;
		};
/* End PBXCopyFilesBuildPhase section */

/* Begin PBXFileReference section */
		900282E924178AE500574BF2 /* libMusicGen-iOS.a */ = {isa = PBXFileReference; explicitFileType = archive.ar; includeInIndex = 0; path = "libMusicGen-iOS.a"; sourceTree = BUILT_PRODUCTS_DIR; };
		900282F024184B2100574BF2 /* libSDL2.a */ = {isa = PBXFileReference; lastKnownFileType = archive.ar; name = libSDL2.a; path = "../../SDL2_src/SDL2-2.0.10/Xcode-iOS/SDL/output/iOS/release/libSDL2.a"; sourceTree = "<group>"; };
		905F7D58240C7549001B4099 /* UtilFunctions.cpp */ = {isa = PBXFileReference; fileEncoding = 4; lastKnownFileType = sourcecode.cpp.cpp; name = UtilFunctions.cpp; path = ../../src/UtilFunctions.cpp; sourceTree = "<group>"; };
		905F7D59240C7549001B4099 /* Generators.cpp */ = {isa = PBXFileReference; fileEncoding = 4; lastKnownFileType = sourcecode.cpp.cpp; name = Generators.cpp; path = ../../src/Generators.cpp; sourceTree = "<group>"; };
		905F7D5A240C7549001B4099 /* Drums.cpp */ = {isa = PBXFileReference; fileEncoding = 4; lastKnownFileType = sourcecode.cpp.cpp; name = Drums.cpp; path = ../../src/Drums.cpp; sourceTree = "<group>"; };
		905F7D5B240C7549001B4099 /* main.cpp */ = {isa = PBXFileReference; fileEncoding = 4; lastKnownFileType = sourcecode.cpp.cpp; name = main.cpp; path = ../../src/main.cpp; sourceTree = "<group>"; };
		905F7D5C240C7549001B4099 /* AudioAndMusic.cpp */ = {isa = PBXFileReference; fileEncoding = 4; lastKnownFileType = sourcecode.cpp.cpp; name = AudioAndMusic.cpp; path = ../../src/AudioAndMusic.cpp; sourceTree = "<group>"; };
		905F7D5D240C7549001B4099 /* MusicGen.h */ = {isa = PBXFileReference; fileEncoding = 4; lastKnownFileType = sourcecode.c.h; name = MusicGen.h; path = ../../src/MusicGen.h; sourceTree = "<group>"; };
		906FBC292451345200CDD068 /* MusicGen.xcodeproj */ = {isa = PBXFileReference; lastKnownFileType = "wrapper.pb-project"; path = MusicGen.xcodeproj; sourceTree = "<group>"; };
		909A0268241A3103007E2590 /* SDL.h */ = {isa = PBXFileReference; fileEncoding = 4; lastKnownFileType = sourcecode.c.h; name = SDL.h; path = ../../SDL2_src/include/SDL.h; sourceTree = "<group>"; };
		90A9DC4A241B823500F077EF /* libMusicGen.a */ = {isa = PBXFileReference; lastKnownFileType = archive.ar; name = libMusicGen.a; path = DerivedData/MusicGen/Build/Products/libMusicGen.a; sourceTree = "<group>"; };
		90F77FAF240931C800C3DF21 /* MusicGen */ = {isa = PBXFileReference; explicitFileType = "compiled.mach-o.executable"; includeInIndex = 0; path = MusicGen; sourceTree = BUILT_PRODUCTS_DIR; };
		90F77FC5240932B200C3DF21 /* libSDL2.a */ = {isa = PBXFileReference; lastKnownFileType = archive.ar; name = libSDL2.a; path = ../../../../../../../../usr/local/Cellar/sdl2/2.0.10/lib/libSDL2.a; sourceTree = "<group>"; };
		90F77FC6240932C700C3DF21 /* libSDL2-2.0.0.dylib */ = {isa = PBXFileReference; lastKnownFileType = "compiled.mach-o.dylib"; name = "libSDL2-2.0.0.dylib"; path = "../../../../../../../../usr/local/Cellar/sdl2/2.0.10/lib/libSDL2-2.0.0.dylib"; sourceTree = "<group>"; };
		90FCA4852438433400EA41C8 /* Bass.cpp */ = {isa = PBXFileReference; lastKnownFileType = sourcecode.cpp.cpp; name = Bass.cpp; path = ../../src/Bass.cpp; sourceTree = "<group>"; };
/* End PBXFileReference section */

/* Begin PBXFrameworksBuildPhase section */
		900282E624178AE500574BF2 /* Frameworks */ = {
			isa = PBXFrameworksBuildPhase;
			buildActionMask = 2147483647;
			files = (
			);
			runOnlyForDeploymentPostprocessing = 0;
		};
		90F77FAC240931C800C3DF21 /* Frameworks */ = {
			isa = PBXFrameworksBuildPhase;
			buildActionMask = 2147483647;
			files = (
				90616CDD240E85E600FCE620 /* libSDL2-2.0.0.dylib in Frameworks */,
			);
			runOnlyForDeploymentPostprocessing = 0;
		};
/* End PBXFrameworksBuildPhase section */

/* Begin PBXGroup section */
		900282EA24178AE500574BF2 /* MusicGen-iOS */ = {
			isa = PBXGroup;
			children = (
			);
			path = "MusicGen-iOS";
			sourceTree = "<group>";
		};
		905F7D57240C751D001B4099 /* MusicGenerator */ = {
			isa = PBXGroup;
			children = (
				905F7D5C240C7549001B4099 /* AudioAndMusic.cpp */,
				905F7D5A240C7549001B4099 /* Drums.cpp */,
				905F7D59240C7549001B4099 /* Generators.cpp */,
				905F7D5B240C7549001B4099 /* main.cpp */,
				905F7D5D240C7549001B4099 /* MusicGen.h */,
				905F7D58240C7549001B4099 /* UtilFunctions.cpp */,
				90FCA4852438433400EA41C8 /* Bass.cpp */,
			);
			name = MusicGenerator;
			sourceTree = "<group>";
		};
		906FBC2A2451345200CDD068 /* Products */ = {
			isa = PBXGroup;
			name = Products;
			sourceTree = "<group>";
		};
		90F77FA6240931C700C3DF21 = {
			isa = PBXGroup;
			children = (
				906FBC292451345200CDD068 /* MusicGen.xcodeproj */,
				90A9DC4A241B823500F077EF /* libMusicGen.a */,
				909A0268241A3103007E2590 /* SDL.h */,
				905F7D57240C751D001B4099 /* MusicGenerator */,
				900282EA24178AE500574BF2 /* MusicGen-iOS */,
				90F77FB0240931C800C3DF21 /* Products */,
				90F77FC4240932B200C3DF21 /* Frameworks */,
			);
			sourceTree = "<group>";
		};
		90F77FB0240931C800C3DF21 /* Products */ = {
			isa = PBXGroup;
			children = (
				90F77FAF240931C800C3DF21 /* MusicGen */,
				900282E924178AE500574BF2 /* libMusicGen-iOS.a */,
			);
			name = Products;
			sourceTree = "<group>";
		};
		90F77FC4240932B200C3DF21 /* Frameworks */ = {
			isa = PBXGroup;
			children = (
				900282F024184B2100574BF2 /* libSDL2.a */,
				90F77FC6240932C700C3DF21 /* libSDL2-2.0.0.dylib */,
				90F77FC5240932B200C3DF21 /* libSDL2.a */,
			);
			name = Frameworks;
			sourceTree = "<group>";
		};
/* End PBXGroup section */

/* Begin PBXHeadersBuildPhase section */
		900282F824184B5C00574BF2 /* Headers */ = {
			isa = PBXHeadersBuildPhase;
			buildActionMask = 2147483647;
			files = (
				909A026A241A3104007E2590 /* SDL.h in Headers */,
				900282F924184B6400574BF2 /* MusicGen.h in Headers */,
			);
			runOnlyForDeploymentPostprocessing = 0;
		};
		905F7D64240C7633001B4099 /* Headers */ = {
			isa = PBXHeadersBuildPhase;
			buildActionMask = 2147483647;
			files = (
				909A0269241A3104007E2590 /* SDL.h in Headers */,
				905F7D63240C7605001B4099 /* MusicGen.h in Headers */,
			);
			runOnlyForDeploymentPostprocessing = 0;
		};
/* End PBXHeadersBuildPhase section */

/* Begin PBXNativeTarget section */
		900282E824178AE500574BF2 /* MusicGen-iOS */ = {
			isa = PBXNativeTarget;
			buildConfigurationList = 900282EF24178AE500574BF2 /* Build configuration list for PBXNativeTarget "MusicGen-iOS" */;
			buildPhases = (
				900282F824184B5C00574BF2 /* Headers */,
				900282E524178AE500574BF2 /* Sources */,
				900282E624178AE500574BF2 /* Frameworks */,
				90A9DC45241B7F7000F077EF /* Run Script */,
			);
			buildRules = (
			);
			dependencies = (
			);
			name = "MusicGen-iOS";
			productName = "MusicGen-iOS";
			productReference = 900282E924178AE500574BF2 /* libMusicGen-iOS.a */;
			productType = "com.apple.product-type.library.static";
		};
		90F77FAE240931C800C3DF21 /* MusicGen */ = {
			isa = PBXNativeTarget;
			buildConfigurationList = 90F77FB6240931C800C3DF21 /* Build configuration list for PBXNativeTarget "MusicGen" */;
			buildPhases = (
				905F7D64240C7633001B4099 /* Headers */,
				90F77FAB240931C800C3DF21 /* Sources */,
				90F77FAC240931C800C3DF21 /* Frameworks */,
				90F77FAD240931C800C3DF21 /* CopyFiles */,
				90F77FC9240932C700C3DF21 /* Embed Libraries */,
			);
			buildRules = (
			);
			dependencies = (
			);
			name = MusicGen;
			productName = MusicGen;
			productReference = 90F77FAF240931C800C3DF21 /* MusicGen */;
			productType = "com.apple.product-type.tool";
		};
/* End PBXNativeTarget section */

/* Begin PBXProject section */
		90F77FA7240931C700C3DF21 /* Project object */ = {
			isa = PBXProject;
			attributes = {
				LastSwiftUpdateCheck = 1130;
				LastUpgradeCheck = 1130;
				ORGANIZATIONNAME = "Morgan Robertson";
				TargetAttributes = {
					900282E824178AE500574BF2 = {
						CreatedOnToolsVersion = 11.3.1;
					};
					90F77FAE240931C800C3DF21 = {
						CreatedOnToolsVersion = 11.3;
					};
				};
			};
			buildConfigurationList = 90F77FAA240931C700C3DF21 /* Build configuration list for PBXProject "MusicGen" */;
			compatibilityVersion = "Xcode 9.3";
			developmentRegion = en;
			hasScannedForEncodings = 0;
			knownRegions = (
				en,
				Base,
			);
			mainGroup = 90F77FA6240931C700C3DF21;
			productRefGroup = 90F77FB0240931C800C3DF21 /* Products */;
			projectDirPath = "";
			projectReferences = (
				{
					ProductGroup = 906FBC2A2451345200CDD068 /* Products */;
					ProjectRef = 906FBC292451345200CDD068 /* MusicGen.xcodeproj */;
				},
			);
			projectRoot = "";
			targets = (
				90F77FAE240931C800C3DF21 /* MusicGen */,
				900282E824178AE500574BF2 /* MusicGen-iOS */,
			);
		};
/* End PBXProject section */

/* Begin PBXShellScriptBuildPhase section */
		90A9DC45241B7F7000F077EF /* Run Script */ = {
			isa = PBXShellScriptBuildPhase;
			buildActionMask = 2147483647;
			files = (
			);
			inputFileListPaths = (
			);
			inputPaths = (
			);
			name = "Run Script";
			outputFileListPaths = (
			);
			outputPaths = (
			);
			runOnlyForDeploymentPostprocessing = 0;
			shellPath = /bin/sh;
			shellScript = "# Type a script or drag a script file from your workspace to insert its path.\ncd $BUILD_ROOT\npwd\n\nlipo -create ./Debug-iphonesimulator/libMusicGen-iOS.a ./Debug-iphoneos/libMusicGen-iOS.a -output ./libMusicGen.a\n";
		};
/* End PBXShellScriptBuildPhase section */

/* Begin PBXSourcesBuildPhase section */
		900282E524178AE500574BF2 /* Sources */ = {
			isa = PBXSourcesBuildPhase;
			buildActionMask = 2147483647;
			files = (
				900282F224184B4400574BF2 /* AudioAndMusic.cpp in Sources */,
				900282F324184B4400574BF2 /* Drums.cpp in Sources */,
				900282F424184B4400574BF2 /* Generators.cpp in Sources */,
				900282F724184B4400574BF2 /* UtilFunctions.cpp in Sources */,
				90FCA4872438433400EA41C8 /* Bass.cpp in Sources */,
			);
			runOnlyForDeploymentPostprocessing = 0;
		};
		90F77FAB240931C800C3DF21 /* Sources */ = {
			isa = PBXSourcesBuildPhase;
			buildActionMask = 2147483647;
			files = (
				90FCA4862438433400EA41C8 /* Bass.cpp in Sources */,
				905F7D61240C7549001B4099 /* main.cpp in Sources */,
				905F7D62240C7549001B4099 /* AudioAndMusic.cpp in Sources */,
				905F7D60240C7549001B4099 /* Drums.cpp in Sources */,
				905F7D5F240C7549001B4099 /* Generators.cpp in Sources */,
				905F7D5E240C7549001B4099 /* UtilFunctions.cpp in Sources */,
			);
			runOnlyForDeploymentPostprocessing = 0;
		};
/* End PBXSourcesBuildPhase section */

/* Begin XCBuildConfiguration section */
		900282ED24178AE500574BF2 /* Debug */ = {
			isa = XCBuildConfiguration;
			buildSettings = {
				CODE_SIGN_STYLE = Automatic;
				DEVELOPMENT_TEAM = GCF77KUM9C;
				IPHONEOS_DEPLOYMENT_TARGET = 11.0;
				ONLY_ACTIVE_ARCH = NO;
				OTHER_LDFLAGS = "-ObjC";
				PRODUCT_NAME = "$(TARGET_NAME)";
				SDKROOT = iphoneos;
				SKIP_INSTALL = YES;
				SWIFT_ACTIVE_COMPILATION_CONDITIONS = DEBUG;
				SWIFT_OBJC_BRIDGING_HEADER = "";
				SWIFT_OPTIMIZATION_LEVEL = "-Onone";
				SWIFT_VERSION = 5.0;
				TARGETED_DEVICE_FAMILY = "1,2";
				VALID_ARCHS = "arm64 arm64e x86_64";
			};
			name = Debug;
		};
		900282EE24178AE500574BF2 /* Release */ = {
			isa = XCBuildConfiguration;
			buildSettings = {
				CODE_SIGN_STYLE = Automatic;
				DEVELOPMENT_TEAM = GCF77KUM9C;
				IPHONEOS_DEPLOYMENT_TARGET = 11.0;
				OTHER_LDFLAGS = "-ObjC";
				PRODUCT_NAME = "$(TARGET_NAME)";
				SDKROOT = iphoneos;
				SKIP_INSTALL = YES;
				SWIFT_COMPILATION_MODE = wholemodule;
				SWIFT_OBJC_BRIDGING_HEADER = "";
				SWIFT_OPTIMIZATION_LEVEL = "-O";
				SWIFT_VERSION = 5.0;
				TARGETED_DEVICE_FAMILY = "1,2";
				VALIDATE_PRODUCT = YES;
				VALID_ARCHS = "arm64 arm64e x86_64";
			};
			name = Release;
		};
		90F77FB4240931C800C3DF21 /* Debug */ = {
			isa = XCBuildConfiguration;
			buildSettings = {
				ALWAYS_SEARCH_USER_PATHS = NO;
				CLANG_ANALYZER_NONNULL = YES;
				CLANG_ANALYZER_NUMBER_OBJECT_CONVERSION = YES_AGGRESSIVE;
				CLANG_CXX_LANGUAGE_STANDARD = "gnu++14";
				CLANG_CXX_LIBRARY = "libc++";
				CLANG_ENABLE_MODULES = YES;
				CLANG_ENABLE_OBJC_ARC = YES;
				CLANG_ENABLE_OBJC_WEAK = YES;
				CLANG_WARN_BLOCK_CAPTURE_AUTORELEASING = YES;
				CLANG_WARN_BOOL_CONVERSION = YES;
				CLANG_WARN_COMMA = YES;
				CLANG_WARN_CONSTANT_CONVERSION = YES;
				CLANG_WARN_DEPRECATED_OBJC_IMPLEMENTATIONS = YES;
				CLANG_WARN_DIRECT_OBJC_ISA_USAGE = YES_ERROR;
				CLANG_WARN_DOCUMENTATION_COMMENTS = YES;
				CLANG_WARN_EMPTY_BODY = YES;
				CLANG_WARN_ENUM_CONVERSION = YES;
				CLANG_WARN_INFINITE_RECURSION = YES;
				CLANG_WARN_INT_CONVERSION = YES;
				CLANG_WARN_NON_LITERAL_NULL_CONVERSION = YES;
				CLANG_WARN_OBJC_IMPLICIT_RETAIN_SELF = YES;
				CLANG_WARN_OBJC_LITERAL_CONVERSION = YES;
				CLANG_WARN_OBJC_ROOT_CLASS = YES_ERROR;
				CLANG_WARN_RANGE_LOOP_ANALYSIS = YES;
				CLANG_WARN_STRICT_PROTOTYPES = YES;
				CLANG_WARN_SUSPICIOUS_MOVE = YES;
				CLANG_WARN_UNGUARDED_AVAILABILITY = YES_AGGRESSIVE;
				CLANG_WARN_UNREACHABLE_CODE = YES;
				CLANG_WARN__DUPLICATE_METHOD_MATCH = YES;
				COPY_PHASE_STRIP = NO;
				DEBUG_INFORMATION_FORMAT = dwarf;
				ENABLE_STRICT_OBJC_MSGSEND = YES;
				ENABLE_TESTABILITY = YES;
				GCC_C_LANGUAGE_STANDARD = gnu11;
				GCC_DYNAMIC_NO_PIC = NO;
				GCC_NO_COMMON_BLOCKS = YES;
				GCC_OPTIMIZATION_LEVEL = 0;
				GCC_PREPROCESSOR_DEFINITIONS = (
					"DEBUG=1",
					"$(inherited)",
				);
				GCC_WARN_64_TO_32_BIT_CONVERSION = YES;
				GCC_WARN_ABOUT_RETURN_TYPE = YES_ERROR;
				GCC_WARN_UNDECLARED_SELECTOR = YES;
				GCC_WARN_UNINITIALIZED_AUTOS = YES_AGGRESSIVE;
				GCC_WARN_UNUSED_FUNCTION = YES;
				GCC_WARN_UNUSED_VARIABLE = YES;
				MACOSX_DEPLOYMENT_TARGET = 10.15;
				MTL_ENABLE_DEBUG_INFO = INCLUDE_SOURCE;
				MTL_FAST_MATH = YES;
				ONLY_ACTIVE_ARCH = YES;
				SDKROOT = macosx;
			};
			name = Debug;
		};
		90F77FB5240931C800C3DF21 /* Release */ = {
			isa = XCBuildConfiguration;
			buildSettings = {
				ALWAYS_SEARCH_USER_PATHS = NO;
				CLANG_ANALYZER_NONNULL = YES;
				CLANG_ANALYZER_NUMBER_OBJECT_CONVERSION = YES_AGGRESSIVE;
				CLANG_CXX_LANGUAGE_STANDARD = "gnu++14";
				CLANG_CXX_LIBRARY = "libc++";
				CLANG_ENABLE_MODULES = YES;
				CLANG_ENABLE_OBJC_ARC = YES;
				CLANG_ENABLE_OBJC_WEAK = YES;
				CLANG_WARN_BLOCK_CAPTURE_AUTORELEASING = YES;
				CLANG_WARN_BOOL_CONVERSION = YES;
				CLANG_WARN_COMMA = YES;
				CLANG_WARN_CONSTANT_CONVERSION = YES;
				CLANG_WARN_DEPRECATED_OBJC_IMPLEMENTATIONS = YES;
				CLANG_WARN_DIRECT_OBJC_ISA_USAGE = YES_ERROR;
				CLANG_WARN_DOCUMENTATION_COMMENTS = YES;
				CLANG_WARN_EMPTY_BODY = YES;
				CLANG_WARN_ENUM_CONVERSION = YES;
				CLANG_WARN_INFINITE_RECURSION = YES;
				CLANG_WARN_INT_CONVERSION = YES;
				CLANG_WARN_NON_LITERAL_NULL_CONVERSION = YES;
				CLANG_WARN_OBJC_IMPLICIT_RETAIN_SELF = YES;
				CLANG_WARN_OBJC_LITERAL_CONVERSION = YES;
				CLANG_WARN_OBJC_ROOT_CLASS = YES_ERROR;
				CLANG_WARN_RANGE_LOOP_ANALYSIS = YES;
				CLANG_WARN_STRICT_PROTOTYPES = YES;
				CLANG_WARN_SUSPICIOUS_MOVE = YES;
				CLANG_WARN_UNGUARDED_AVAILABILITY = YES_AGGRESSIVE;
				CLANG_WARN_UNREACHABLE_CODE = YES;
				CLANG_WARN__DUPLICATE_METHOD_MATCH = YES;
				COPY_PHASE_STRIP = NO;
				DEBUG_INFORMATION_FORMAT = "dwarf-with-dsym";
				ENABLE_NS_ASSERTIONS = NO;
				ENABLE_STRICT_OBJC_MSGSEND = YES;
				GCC_C_LANGUAGE_STANDARD = gnu11;
				GCC_NO_COMMON_BLOCKS = YES;
				GCC_WARN_64_TO_32_BIT_CONVERSION = YES;
				GCC_WARN_ABOUT_RETURN_TYPE = YES_ERROR;
				GCC_WARN_UNDECLARED_SELECTOR = YES;
				GCC_WARN_UNINITIALIZED_AUTOS = YES_AGGRESSIVE;
				GCC_WARN_UNUSED_FUNCTION = YES;
				GCC_WARN_UNUSED_VARIABLE = YES;
				MACOSX_DEPLOYMENT_TARGET = 10.15;
				MTL_ENABLE_DEBUG_INFO = NO;
				MTL_FAST_MATH = YES;
				SDKROOT = macosx;
			};
			name = Release;
		};
		90F77FB7240931C800C3DF21 /* Debug */ = {
			isa = XCBuildConfiguration;
			buildSettings = {
				CODE_SIGN_STYLE = Automatic;
				FRAMEWORK_SEARCH_PATHS = "/usr/local/Cellar/sdl2/2.0.10/lib/**";
				HEADER_SEARCH_PATHS = "/usr/local/Cellar/sdl2/2.0.10/include/**";
				LIBRARY_SEARCH_PATHS = (
					"$(inherited)",
					/usr/local/Cellar/sdl2/2.0.10/lib,
				);
				PRODUCT_NAME = "$(TARGET_NAME)";
			};
			name = Debug;
		};
		90F77FB8240931C800C3DF21 /* Release */ = {
			isa = XCBuildConfiguration;
			buildSettings = {
				CODE_SIGN_STYLE = Automatic;
				FRAMEWORK_SEARCH_PATHS = "/usr/local/Cellar/sdl2/2.0.10/lib/**";
				HEADER_SEARCH_PATHS = "/usr/local/Cellar/sdl2/2.0.10/include/**";
				LIBRARY_SEARCH_PATHS = (
					"$(inherited)",
					/usr/local/Cellar/sdl2/2.0.10/lib,
				);
				PRODUCT_NAME = "$(TARGET_NAME)";
			};
			name = Release;
		};
/* End XCBuildConfiguration section */

/* Begin XCConfigurationList section */
		900282EF24178AE500574BF2 /* Build configuration list for PBXNativeTarget "MusicGen-iOS" */ = {
			isa = XCConfigurationList;
			buildConfigurations = (
				900282ED24178AE500574BF2 /* Debug */,
				900282EE24178AE500574BF2 /* Release */,
			);
			defaultConfigurationIsVisible = 0;
			defaultConfigurationName = Release;
		};
		90F77FAA240931C700C3DF21 /* Build configuration list for PBXProject "MusicGen" */ = {
			isa = XCConfigurationList;
			buildConfigurations = (
				90F77FB4240931C800C3DF21 /* Debug */,
				90F77FB5240931C800C3DF21 /* Release */,
			);
			defaultConfigurationIsVisible = 0;
			defaultConfigurationName = Release;
		};
		90F77FB6240931C800C3DF21 /* Build configuration list for PBXNativeTarget "MusicGen" */ = {
			isa = XCConfigurationList;
			buildConfigurations = (
				90F77FB7240931C800C3DF21 /* Debug */,
				90F77FB8240931C800C3DF21 /* Release */,
			);
			defaultConfigurationIsVisible = 0;
			defaultConfigurationName = Release;
		};
/* End XCConfigurationList section */
	};
	rootObject = 90F77FA7240931C700C3DF21 /* Project object */;
}
